
Microsoft Visual Studio Solution File, Format Version 12.00
# Visual Studio Version 16
VisualStudioVersion = 16.0.29411.108
MinimumVisualStudioVersion = 10.0.40219.1
Project("{FAE04EC0-301F-11D3-BF4B-00C04F79EFBC}") = "HumanResources", "HumanResources\HumanResources.csproj", "{0C72682B-F2AD-40EA-8269-1CD2622F39C4}"
EndProject
Project("{2150E333-8FDC-42A3-9474-1A3956D46DE8}") = "Tests", "Tests", "{F40889CB-3C02-4049-964E-15E50C1AD9BD}"
EndProject
Project("{FAE04EC0-301F-11D3-BF4B-00C04F79EFBC}") = "Employees.Tests", "Employees.Tests\Employees.Tests.csproj", "{B3D4532E-F71B-4FBF-8C91-A1E46E4D0259}"
EndProject
Global
	GlobalSection(SolutionConfigurationPlatforms) = preSolution
		Debug|Any CPU = Debug|Any CPU
		Release|Any CPU = Release|Any CPU
	EndGlobalSection
	GlobalSection(ProjectConfigurationPlatforms) = postSolution
		{0C72682B-F2AD-40EA-8269-1CD2622F39C4}.Debug|Any CPU.ActiveCfg = Debug|Any CPU
		{0C72682B-F2AD-40EA-8269-1CD2622F39C4}.Debug|Any CPU.Build.0 = Debug|Any CPU
		{0C72682B-F2AD-40EA-8269-1CD2622F39C4}.Release|Any CPU.ActiveCfg = Release|Any CPU
		{0C72682B-F2AD-40EA-8269-1CD2622F39C4}.Release|Any CPU.Build.0 = Release|Any CPU
		{B3D4532E-F71B-4FBF-8C91-A1E46E4D0259}.Debug|Any CPU.ActiveCfg = Debug|Any CPU
		{B3D4532E-F71B-4FBF-8C91-A1E46E4D0259}.Debug|Any CPU.Build.0 = Debug|Any CPU
		{B3D4532E-F71B-4FBF-8C91-A1E46E4D0259}.Release|Any CPU.ActiveCfg = Release|Any CPU
		{B3D4532E-F71B-4FBF-8C91-A1E46E4D0259}.Release|Any CPU.Build.0 = Release|Any CPU
	EndGlobalSection
	GlobalSection(SolutionProperties) = preSolution
		HideSolutionNode = FALSE
	EndGlobalSection
	GlobalSection(NestedProjects) = preSolution
		{B3D4532E-F71B-4FBF-8C91-A1E46E4D0259} = {F40889CB-3C02-4049-964E-15E50C1AD9BD}
	EndGlobalSection
	GlobalSection(ExtensibilityGlobals) = postSolution
		SolutionGuid = {A0418D3D-1876-47FB-BCF4-C26462587C11}
	EndGlobalSection
EndGlobal
